{
    "version": 3,
    "terraform_version": "0.11.11",
    "serial": 5,
    "lineage": "a9185f20-43a4-8887-9fc6-a6279e67818d",
    "modules": [
        {
            "path": [
                "root"
            ],
            "outputs": {
                "gitlab-ci_external_ip": {
                    "sensitive": false,
                    "type": "string",
                    "value": "35.195.234.119"
                }
            },
            "resources": {
                "google_compute_address.gitlab-ci": {
                    "type": "google_compute_address",
                    "depends_on": [],
                    "primary": {
                        "id": "projects/docker-231707/regions/europe-west1/addresses/gitlab-ci-ip",
                        "attributes": {
                            "address": "34.76.55.68",
                            "address_type": "EXTERNAL",
                            "id": "projects/docker-231707/regions/europe-west1/addresses/gitlab-ci-ip",
                            "name": "gitlab-ci-ip",
                            "project": "docker-231707",
                            "region": "europe-west1",
                            "self_link": "https://www.googleapis.com/compute/v1/projects/docker-231707/regions/europe-west1/addresses/gitlab-ci-ip",
                            "subnetwork": ""
                        },
                        "meta": {
                            "schema_version": "1"
                        },
                        "tainted": false
                    },
                    "deposed": [],
                    "provider": "provider.google"
                },
                "google_compute_instance.gitlab-ci": {
                    "type": "google_compute_instance",
                    "depends_on": [],
                    "primary": {
                        "id": "gitlab-ci",
                        "attributes": {
                            "attached_disk.#": "0",
                            "boot_disk.#": "1",
                            "boot_disk.0.auto_delete": "true",
                            "boot_disk.0.device_name": "persistent-disk-0",
                            "boot_disk.0.disk_encryption_key_raw": "",
                            "boot_disk.0.disk_encryption_key_sha256": "",
                            "boot_disk.0.initialize_params.#": "1",
                            "boot_disk.0.initialize_params.0.image": "ubuntu-1604-lts",
                            "boot_disk.0.initialize_params.0.size": "0",
                            "boot_disk.0.initialize_params.0.type": "",
                            "boot_disk.0.source": "https://www.googleapis.com/compute/v1/projects/docker-231707/zones/europe-west1-c/disks/gitlab-ci",
                            "can_ip_forward": "false",
                            "cpu_platform": "Intel Ivy Bridge",
                            "create_timeout": "4",
                            "guest_accelerator.#": "0",
                            "id": "gitlab-ci",
                            "instance_id": "3250758468175103134",
                            "label_fingerprint": "42WmSpB8rSM=",
                            "machine_type": "n1-standard-1",
                            "metadata.%": "1",
                            "metadata.ssh-keys": "appuser:ssh-rsa AAAAB3NzaC1yc2EAAAADAQABAAACAQCxnQdkWMV0ud4xTl0+pWuMiU6SbprHc9pRN7Fvu/lQvd6uRdl3sJA84Zg6pWu1pbR0RcliU6S1SexClli0igpmDb9eFzE5uPUmULY2LRYiMXNWNPLX5+jbdTHmtczmC9as/+4baBD/rWeWgzhvKM+vl5NlXvMlM+XXH8gnhu/MQEQ/fh3TnYmBb4D53y+7xTTR9nLGctwfy4pUyS796Vyq6Iqzwv6rZ8yKyH/ygo92AMMmfPYPe59J9OZiUdTn8x9EfbuyZ36w2P/hBKASZqn3F5L2ZMcK6iZ4JIb+Sz6RYL0gv30Ypl6TLKzgdACuRVGwV/Ow5tWLJCdQMet+kfEc8Wr/q5N4bJ31aA1CjRt2xldtzchdosrr7e673KnYGwD/myKa0lrCRWlDdFJq+7C96wCpjM6/xTctqNG/7Hm6ussQp4+ZwpBerh4ARl0PhlbN/1nM+tbU3iCzk0Q3kPZtyR0ASOkuo3ugK8iyA7AA6paP2wflJ7UIhwJ+ETlKlobC0y8jXm2I/H0HmBR0gNpyjPR3ix5Ct2MR0VX3sAAMALvZ2H0JNfUfxyOkZFZfeQU4ywwfJimQyqyipuQ8wL/XJj9bXIM9bnmag8xA+TlRryYwKFxAOf51znjRe7gawF5wKN6FyV5ZVw/1I0B8gfbM8nE+hUm/e2fpsdpWgQ6p3Q== ekl17@mail.ru\n",
                            "metadata_fingerprint": "Oz5fali-7lw=",
                            "min_cpu_platform": "",
                            "name": "gitlab-ci",
                            "network_interface.#": "1",
                            "network_interface.0.access_config.#": "1",
                            "network_interface.0.access_config.0.assigned_nat_ip": "35.195.234.119",
                            "network_interface.0.access_config.0.nat_ip": "35.195.234.119",
                            "network_interface.0.address": "10.132.0.5",
                            "network_interface.0.alias_ip_range.#": "0",
                            "network_interface.0.name": "nic0",
                            "network_interface.0.network": "https://www.googleapis.com/compute/v1/projects/docker-231707/global/networks/default",
                            "network_interface.0.network_ip": "10.132.0.5",
                            "network_interface.0.subnetwork": "https://www.googleapis.com/compute/v1/projects/docker-231707/regions/europe-west1/subnetworks/default",
                            "network_interface.0.subnetwork_project": "docker-231707",
                            "project": "docker-231707",
                            "scheduling.#": "1",
                            "scheduling.0.automatic_restart": "true",
                            "scheduling.0.on_host_maintenance": "MIGRATE",
                            "scheduling.0.preemptible": "false",
                            "scratch_disk.#": "0",
                            "self_link": "https://www.googleapis.com/compute/v1/projects/docker-231707/zones/europe-west1-c/instances/gitlab-ci",
                            "service_account.#": "0",
                            "tags.#": "1",
                            "tags.166210836": "gitlab-ci",
                            "tags_fingerprint": "L3jhbYx0LS0=",
                            "zone": "europe-west1-c"
                        },
                        "meta": {
                            "schema_version": "6"
                        },
                        "tainted": false
                    },
                    "deposed": [],
                    "provider": "provider.google"
                }
            },
            "depends_on": []
        }
    ]
}
